{
  "name": "create-vibekit",
  "version": "1.0.0",
  "lockfileVersion": 3,
  "requires": true,
  "packages": {
    "": {
      "name": "create-vibekit",
      "version": "1.0.0",
      "bin": {
        "create-vibekit": "src/index.mjs"
      },
      "engines": {
        "node": ">=16.0.0"
      }
    }
  }
}
